
Microsoft Visual Studio Solution File, Format Version 12.00
# Visual Studio 2015
Project("{FAE04EC0-301F-11D3-BF4B-00C04F79EFBC}") = "Invisible.CSharp", "Invisible.CSharp.csproj", "{E502E948-4A12-6EA4-C7BC-E066C1A78414}"
EndProject
Project("{FAE04EC0-301F-11D3-BF4B-00C04F79EFBC}") = "Invisible.CSharp.Editor", "Invisible.CSharp.Editor.csproj", "{C0A73F27-5629-9BE4-6A6A-57A00EB8CCB9}"
EndProject
Global
	GlobalSection(SolutionConfigurationPlatforms) = preSolution
		Debug|Any CPU = Debug|Any CPU
		Release|Any CPU = Release|Any CPU
	EndGlobalSection
	GlobalSection(ProjectConfigurationPlatforms) = postSolution
		{E502E948-4A12-6EA4-C7BC-E066C1A78414}.Debug|Any CPU.ActiveCfg = Debug|Any CPU
		{E502E948-4A12-6EA4-C7BC-E066C1A78414}.Debug|Any CPU.Build.0 = Debug|Any CPU
		{E502E948-4A12-6EA4-C7BC-E066C1A78414}.Release|Any CPU.ActiveCfg = Release|Any CPU
		{E502E948-4A12-6EA4-C7BC-E066C1A78414}.Release|Any CPU.Build.0 = Release|Any CPU
		{C0A73F27-5629-9BE4-6A6A-57A00EB8CCB9}.Debug|Any CPU.ActiveCfg = Debug|Any CPU
		{C0A73F27-5629-9BE4-6A6A-57A00EB8CCB9}.Debug|Any CPU.Build.0 = Debug|Any CPU
		{C0A73F27-5629-9BE4-6A6A-57A00EB8CCB9}.Release|Any CPU.ActiveCfg = Release|Any CPU
		{C0A73F27-5629-9BE4-6A6A-57A00EB8CCB9}.Release|Any CPU.Build.0 = Release|Any CPU
	EndGlobalSection
	GlobalSection(SolutionProperties) = preSolution
		HideSolutionNode = FALSE
	EndGlobalSection
EndGlobal
